
Microsoft Visual Studio Solution File, Format Version 12.00
# Visual Studio 15
VisualStudioVersion = 15.0.27703.2018
MinimumVisualStudioVersion = 10.0.40219.1
Project("{FAE04EC0-301F-11D3-BF4B-00C04F79EFBC}") = "ContactsWebApi", "ContactsWebApi\ContactsWebApi.csproj", "{A2D4BD30-9C59-4067-ABFE-7FAD848950B1}"
EndProject
Global
	GlobalSection(SolutionConfigurationPlatforms) = preSolution
		Debug|Any CPU = Debug|Any CPU
		Release|Any CPU = Release|Any CPU
	EndGlobalSection
	GlobalSection(ProjectConfigurationPlatforms) = postSolution
		{A2D4BD30-9C59-4067-ABFE-7FAD848950B1}.Debug|Any CPU.ActiveCfg = Debug|Any CPU
		{A2D4BD30-9C59-4067-ABFE-7FAD848950B1}.Debug|Any CPU.Build.0 = Debug|Any CPU
		{A2D4BD30-9C59-4067-ABFE-7FAD848950B1}.Release|Any CPU.ActiveCfg = Release|Any CPU
		{A2D4BD30-9C59-4067-ABFE-7FAD848950B1}.Release|Any CPU.Build.0 = Release|Any CPU
	EndGlobalSection
	GlobalSection(SolutionProperties) = preSolution
		HideSolutionNode = FALSE
	EndGlobalSection
	GlobalSection(ExtensibilityGlobals) = postSolution
		SolutionGuid = {944A85FF-9EC2-4F6E-8BDD-7D330179D361}
	EndGlobalSection
EndGlobal
